
Microsoft Visual Studio Solution File, Format Version 12.00
# Visual Studio Version 16
VisualStudioVersion = 16.0.31729.503
MinimumVisualStudioVersion = 10.0.40219.1
Project("{FAE04EC0-301F-11D3-BF4B-00C04F79EFBC}") = "unitiyLesson. Csharp.program", "unitiyLesson. Csharp.program\unitiyLesson. Csharp.program.csproj", "{3F2C1B8F-484B-41CD-BA46-523E6ED494B4}"
EndProject
Project("{FAE04EC0-301F-11D3-BF4B-00C04F79EFBC}") = "UnityLesson_CSharp_IF", "UnityLesson_CSharp_IF\UnityLesson_CSharp_IF.csproj", "{F4C12AFA-B346-4457-8B4A-D57FCE594862}"
EndProject
Project("{FAE04EC0-301F-11D3-BF4B-00C04F79EFBC}") = "UnityLesson_CSharp_variables", "UnityLesson_CSharp_variables\UnityLesson_CSharp_variables.csproj", "{715CCB55-DB03-4A55-B11F-28D3E7CB1A88}"
EndProject
Project("{FAE04EC0-301F-11D3-BF4B-00C04F79EFBC}") = "UnityLesson_CSharp_Function", "UnityLesson_CSharp_Function\UnityLesson_CSharp_Function.csproj", "{6E3585A4-9725-404D-89B1-49FBF2E96BB4}"
EndProject
Global
	GlobalSection(SolutionConfigurationPlatforms) = preSolution
		Debug|Any CPU = Debug|Any CPU
		Release|Any CPU = Release|Any CPU
	EndGlobalSection
	GlobalSection(ProjectConfigurationPlatforms) = postSolution
		{3F2C1B8F-484B-41CD-BA46-523E6ED494B4}.Debug|Any CPU.ActiveCfg = Debug|Any CPU
		{3F2C1B8F-484B-41CD-BA46-523E6ED494B4}.Debug|Any CPU.Build.0 = Debug|Any CPU
		{3F2C1B8F-484B-41CD-BA46-523E6ED494B4}.Release|Any CPU.ActiveCfg = Release|Any CPU
		{3F2C1B8F-484B-41CD-BA46-523E6ED494B4}.Release|Any CPU.Build.0 = Release|Any CPU
		{F4C12AFA-B346-4457-8B4A-D57FCE594862}.Debug|Any CPU.ActiveCfg = Debug|Any CPU
		{F4C12AFA-B346-4457-8B4A-D57FCE594862}.Debug|Any CPU.Build.0 = Debug|Any CPU
		{F4C12AFA-B346-4457-8B4A-D57FCE594862}.Release|Any CPU.ActiveCfg = Release|Any CPU
		{F4C12AFA-B346-4457-8B4A-D57FCE594862}.Release|Any CPU.Build.0 = Release|Any CPU
		{715CCB55-DB03-4A55-B11F-28D3E7CB1A88}.Debug|Any CPU.ActiveCfg = Debug|Any CPU
		{715CCB55-DB03-4A55-B11F-28D3E7CB1A88}.Debug|Any CPU.Build.0 = Debug|Any CPU
		{715CCB55-DB03-4A55-B11F-28D3E7CB1A88}.Release|Any CPU.ActiveCfg = Release|Any CPU
		{715CCB55-DB03-4A55-B11F-28D3E7CB1A88}.Release|Any CPU.Build.0 = Release|Any CPU
		{6E3585A4-9725-404D-89B1-49FBF2E96BB4}.Debug|Any CPU.ActiveCfg = Debug|Any CPU
		{6E3585A4-9725-404D-89B1-49FBF2E96BB4}.Debug|Any CPU.Build.0 = Debug|Any CPU
		{6E3585A4-9725-404D-89B1-49FBF2E96BB4}.Release|Any CPU.ActiveCfg = Release|Any CPU
		{6E3585A4-9725-404D-89B1-49FBF2E96BB4}.Release|Any CPU.Build.0 = Release|Any CPU
	EndGlobalSection
	GlobalSection(SolutionProperties) = preSolution
		HideSolutionNode = FALSE
	EndGlobalSection
	GlobalSection(ExtensibilityGlobals) = postSolution
		SolutionGuid = {50BF431B-FFC3-48BC-9111-69451609A7AD}
	EndGlobalSection
EndGlobal
